
Microsoft Visual Studio Solution File, Format Version 10.00
# Visual Studio 2008
Project("{F184B08F-C81C-45F6-A57F-5ABD9991F28F}") = "Demo_HTML", "Demo_HTML\Demo_HTML.vbproj", "{C58C800B-48C2-45DC-A3A0-FE31D5063CD0}"
EndProject
Global
	GlobalSection(SolutionConfigurationPlatforms) = preSolution
		Debug|Any CPU = Debug|Any CPU
		Release|Any CPU = Release|Any CPU
	EndGlobalSection
	GlobalSection(ProjectConfigurationPlatforms) = postSolution
		{C58C800B-48C2-45DC-A3A0-FE31D5063CD0}.Debug|Any CPU.ActiveCfg = Debug|Any CPU
		{C58C800B-48C2-45DC-A3A0-FE31D5063CD0}.Debug|Any CPU.Build.0 = Debug|Any CPU
		{C58C800B-48C2-45DC-A3A0-FE31D5063CD0}.Release|Any CPU.ActiveCfg = Release|Any CPU
		{C58C800B-48C2-45DC-A3A0-FE31D5063CD0}.Release|Any CPU.Build.0 = Release|Any CPU
	EndGlobalSection
	GlobalSection(SolutionProperties) = preSolution
		HideSolutionNode = FALSE
	EndGlobalSection
EndGlobal
