
Microsoft Visual Studio Solution File, Format Version 10.00
# Visual Studio 2008
Project("{F184B08F-C81C-45F6-A57F-5ABD9991F28F}") = "JSTimer", "JSTimer\JSTimer.vbproj", "{681D2B12-E8C7-4807-B8C1-C096A17C7464}"
EndProject
Global
	GlobalSection(SolutionConfigurationPlatforms) = preSolution
		Debug|Any CPU = Debug|Any CPU
		Release|Any CPU = Release|Any CPU
	EndGlobalSection
	GlobalSection(ProjectConfigurationPlatforms) = postSolution
		{681D2B12-E8C7-4807-B8C1-C096A17C7464}.Debug|Any CPU.ActiveCfg = Debug|Any CPU
		{681D2B12-E8C7-4807-B8C1-C096A17C7464}.Debug|Any CPU.Build.0 = Debug|Any CPU
		{681D2B12-E8C7-4807-B8C1-C096A17C7464}.Release|Any CPU.ActiveCfg = Release|Any CPU
		{681D2B12-E8C7-4807-B8C1-C096A17C7464}.Release|Any CPU.Build.0 = Release|Any CPU
	EndGlobalSection
	GlobalSection(SolutionProperties) = preSolution
		HideSolutionNode = FALSE
	EndGlobalSection
EndGlobal
